
Microsoft Visual Studio Solution File, Format Version 12.00
# Visual Studio Version 16
VisualStudioVersion = 16.0.29215.179
MinimumVisualStudioVersion = 10.0.40219.1
Project("{FAE04EC0-301F-11D3-BF4B-00C04F79EFBC}") = "lab_01_hello_world", "lab_01_hello_world\lab_01_hello_world.csproj", "{54B8D361-0F0D-45E3-919F-FEBBDB0F1BAB}"
EndProject
Project("{9A19103F-16F7-4668-BE54-9A1E7A4F7556}") = "lab_02_class", "lab_02\lab_02_class.csproj", "{543A085C-00BD-496F-AE7F-25A4B8CFA881}"
EndProject
Project("{9A19103F-16F7-4668-BE54-9A1E7A4F7556}") = "lab_03_private_public_fields", "lab_03_private_public_fields\lab_03_private_public_fields.csproj", "{23A35A84-4C26-43E4-887E-54FEAFD2765C}"
EndProject
Project("{9A19103F-16F7-4668-BE54-9A1E7A4F7556}") = "lab_04_properties", "lab_04_properties\lab_04_properties.csproj", "{7CC02CDD-B58A-4EE9-BF41-2E4B1AE8FBCF}"
EndProject
Project("{9A19103F-16F7-4668-BE54-9A1E7A4F7556}") = "lab_05_multiple_objects", "class_05_multiple_objects\lab_05_multiple_objects.csproj", "{6ED16370-BEB7-463E-BA4E-FE21203D72EC}"
EndProject
Project("{9A19103F-16F7-4668-BE54-9A1E7A4F7556}") = "lab_06_inheritence", "class_06_inheritence\lab_06_inheritence.csproj", "{FFFD66C6-2E1E-4BF7-851D-7D7767344125}"
EndProject
Project("{9A19103F-16F7-4668-BE54-9A1E7A4F7556}") = "lab_07_methods", "lab_07_methods\lab_07_methods.csproj", "{B6EC1309-EAF1-4143-B4A8-9B61BE8B4E62}"
EndProject
Project("{FAE04EC0-301F-11D3-BF4B-00C04F79EFBC}") = "lab_08_dynamic", "lab_08_dynamic\lab_08_dynamic.csproj", "{48E08D00-F4EF-470E-B243-0B44E63C8CB2}"
EndProject
Project("{FAE04EC0-301F-11D3-BF4B-00C04F79EFBC}") = "lab_09_constructors", "lab_09_constructors\lab_09_constructors.csproj", "{CE8435CF-0EFD-4048-AF00-D64283ECCB53}"
EndProject
Project("{FAE04EC0-301F-11D3-BF4B-00C04F79EFBC}") = "lab_10_overloading", "lab_10_overloading\lab_10_overloading.csproj", "{819BE883-B485-4232-9916-7A91E8D3962D}"
EndProject
Project("{FAE04EC0-301F-11D3-BF4B-00C04F79EFBC}") = "lab_11_polymorphism", "lab_11_polymorphism\lab_11_polymorphism.csproj", "{B86895FE-528F-45F7-BD26-671ED29205FF}"
EndProject
Project("{FAE04EC0-301F-11D3-BF4B-00C04F79EFBC}") = "Just_Do_It_11_Rabbit_Explosion", "Just_Do_It_11_Rabbit_Explosion\Just_Do_It_11_Rabbit_Explosion.csproj", "{66645E5F-8BA7-4E73-BA00-9E949842A171}"
EndProject
Global
	GlobalSection(SolutionConfigurationPlatforms) = preSolution
		Debug|Any CPU = Debug|Any CPU
		Release|Any CPU = Release|Any CPU
	EndGlobalSection
	GlobalSection(ProjectConfigurationPlatforms) = postSolution
		{54B8D361-0F0D-45E3-919F-FEBBDB0F1BAB}.Debug|Any CPU.ActiveCfg = Debug|Any CPU
		{54B8D361-0F0D-45E3-919F-FEBBDB0F1BAB}.Debug|Any CPU.Build.0 = Debug|Any CPU
		{54B8D361-0F0D-45E3-919F-FEBBDB0F1BAB}.Release|Any CPU.ActiveCfg = Release|Any CPU
		{54B8D361-0F0D-45E3-919F-FEBBDB0F1BAB}.Release|Any CPU.Build.0 = Release|Any CPU
		{543A085C-00BD-496F-AE7F-25A4B8CFA881}.Debug|Any CPU.ActiveCfg = Debug|Any CPU
		{543A085C-00BD-496F-AE7F-25A4B8CFA881}.Debug|Any CPU.Build.0 = Debug|Any CPU
		{543A085C-00BD-496F-AE7F-25A4B8CFA881}.Release|Any CPU.ActiveCfg = Release|Any CPU
		{543A085C-00BD-496F-AE7F-25A4B8CFA881}.Release|Any CPU.Build.0 = Release|Any CPU
		{23A35A84-4C26-43E4-887E-54FEAFD2765C}.Debug|Any CPU.ActiveCfg = Debug|Any CPU
		{23A35A84-4C26-43E4-887E-54FEAFD2765C}.Debug|Any CPU.Build.0 = Debug|Any CPU
		{23A35A84-4C26-43E4-887E-54FEAFD2765C}.Release|Any CPU.ActiveCfg = Release|Any CPU
		{23A35A84-4C26-43E4-887E-54FEAFD2765C}.Release|Any CPU.Build.0 = Release|Any CPU
		{7CC02CDD-B58A-4EE9-BF41-2E4B1AE8FBCF}.Debug|Any CPU.ActiveCfg = Debug|Any CPU
		{7CC02CDD-B58A-4EE9-BF41-2E4B1AE8FBCF}.Debug|Any CPU.Build.0 = Debug|Any CPU
		{7CC02CDD-B58A-4EE9-BF41-2E4B1AE8FBCF}.Release|Any CPU.ActiveCfg = Release|Any CPU
		{7CC02CDD-B58A-4EE9-BF41-2E4B1AE8FBCF}.Release|Any CPU.Build.0 = Release|Any CPU
		{6ED16370-BEB7-463E-BA4E-FE21203D72EC}.Debug|Any CPU.ActiveCfg = Debug|Any CPU
		{6ED16370-BEB7-463E-BA4E-FE21203D72EC}.Debug|Any CPU.Build.0 = Debug|Any CPU
		{6ED16370-BEB7-463E-BA4E-FE21203D72EC}.Release|Any CPU.ActiveCfg = Release|Any CPU
		{6ED16370-BEB7-463E-BA4E-FE21203D72EC}.Release|Any CPU.Build.0 = Release|Any CPU
		{FFFD66C6-2E1E-4BF7-851D-7D7767344125}.Debug|Any CPU.ActiveCfg = Debug|Any CPU
		{FFFD66C6-2E1E-4BF7-851D-7D7767344125}.Debug|Any CPU.Build.0 = Debug|Any CPU
		{FFFD66C6-2E1E-4BF7-851D-7D7767344125}.Release|Any CPU.ActiveCfg = Release|Any CPU
		{FFFD66C6-2E1E-4BF7-851D-7D7767344125}.Release|Any CPU.Build.0 = Release|Any CPU
		{B6EC1309-EAF1-4143-B4A8-9B61BE8B4E62}.Debug|Any CPU.ActiveCfg = Debug|Any CPU
		{B6EC1309-EAF1-4143-B4A8-9B61BE8B4E62}.Debug|Any CPU.Build.0 = Debug|Any CPU
		{B6EC1309-EAF1-4143-B4A8-9B61BE8B4E62}.Release|Any CPU.ActiveCfg = Release|Any CPU
		{B6EC1309-EAF1-4143-B4A8-9B61BE8B4E62}.Release|Any CPU.Build.0 = Release|Any CPU
		{48E08D00-F4EF-470E-B243-0B44E63C8CB2}.Debug|Any CPU.ActiveCfg = Debug|Any CPU
		{48E08D00-F4EF-470E-B243-0B44E63C8CB2}.Debug|Any CPU.Build.0 = Debug|Any CPU
		{48E08D00-F4EF-470E-B243-0B44E63C8CB2}.Release|Any CPU.ActiveCfg = Release|Any CPU
		{48E08D00-F4EF-470E-B243-0B44E63C8CB2}.Release|Any CPU.Build.0 = Release|Any CPU
		{CE8435CF-0EFD-4048-AF00-D64283ECCB53}.Debug|Any CPU.ActiveCfg = Debug|Any CPU
		{CE8435CF-0EFD-4048-AF00-D64283ECCB53}.Debug|Any CPU.Build.0 = Debug|Any CPU
		{CE8435CF-0EFD-4048-AF00-D64283ECCB53}.Release|Any CPU.ActiveCfg = Release|Any CPU
		{CE8435CF-0EFD-4048-AF00-D64283ECCB53}.Release|Any CPU.Build.0 = Release|Any CPU
		{819BE883-B485-4232-9916-7A91E8D3962D}.Debug|Any CPU.ActiveCfg = Debug|Any CPU
		{819BE883-B485-4232-9916-7A91E8D3962D}.Debug|Any CPU.Build.0 = Debug|Any CPU
		{819BE883-B485-4232-9916-7A91E8D3962D}.Release|Any CPU.ActiveCfg = Release|Any CPU
		{819BE883-B485-4232-9916-7A91E8D3962D}.Release|Any CPU.Build.0 = Release|Any CPU
		{B86895FE-528F-45F7-BD26-671ED29205FF}.Debug|Any CPU.ActiveCfg = Debug|Any CPU
		{B86895FE-528F-45F7-BD26-671ED29205FF}.Debug|Any CPU.Build.0 = Debug|Any CPU
		{B86895FE-528F-45F7-BD26-671ED29205FF}.Release|Any CPU.ActiveCfg = Release|Any CPU
		{B86895FE-528F-45F7-BD26-671ED29205FF}.Release|Any CPU.Build.0 = Release|Any CPU
		{66645E5F-8BA7-4E73-BA00-9E949842A171}.Debug|Any CPU.ActiveCfg = Debug|Any CPU
		{66645E5F-8BA7-4E73-BA00-9E949842A171}.Debug|Any CPU.Build.0 = Debug|Any CPU
		{66645E5F-8BA7-4E73-BA00-9E949842A171}.Release|Any CPU.ActiveCfg = Release|Any CPU
		{66645E5F-8BA7-4E73-BA00-9E949842A171}.Release|Any CPU.Build.0 = Release|Any CPU
	EndGlobalSection
	GlobalSection(SolutionProperties) = preSolution
		HideSolutionNode = FALSE
	EndGlobalSection
	GlobalSection(ExtensibilityGlobals) = postSolution
		SolutionGuid = {365C6B3F-F6DC-46C5-B517-5CD032228448}
	EndGlobalSection
EndGlobal
